<?xml version="1.0" encoding="utf-8"?>
<Project ToolsVersion="4.0" xmlns="http://schemas.microsoft.com/developer/msbuild/2003">
  <ItemGroup>
    <ClCompile Include="C:\Users\Admin\Documents\IceCast\MBCS2.0\taglib-1.7.2\taglib-1.7.2\bindings\c\tag_c.cpp">
      <Filter>Source Files</Filter>
    </ClCompile>
  </ItemGroup>
  <ItemGroup>
  </ItemGroup>
  <ItemGroup>
  </ItemGroup>
  <ItemGroup>
  </ItemGroup>
  <ItemGroup>
    <CustomBuild Include="CMakeLists.txt" />
  </ItemGroup>
  <ItemGroup>
    <Filter Include="Source Files">
      <UniqueIdentifier>{CF25B4EE-18A6-4236-AF32-5B01B35D48BD}</UniqueIdentifier>
    </Filter>
  </ItemGroup>
  <ItemGroup>
  </ItemGroup>
</Project>
